
Microsoft Visual Studio Solution File, Format Version 12.00
# Visual Studio Version 17
VisualStudioVersion = 17.10.34916.146
MinimumVisualStudioVersion = 10.0.40219.1
Project("{FAE04EC0-301F-11D3-BF4B-00C04F79EFBC}") = "PerformanceTracker", "PerformanceTracker.csproj", "{CD96580C-FFCB-48D1-AD94-516CD769B852}"
EndProject
Global
	GlobalSection(SolutionConfigurationPlatforms) = preSolution
		Debug|Any CPU = Debug|Any CPU
		Release|Any CPU = Release|Any CPU
	EndGlobalSection
	GlobalSection(ProjectConfigurationPlatforms) = postSolution
		{CD96580C-FFCB-48D1-AD94-516CD769B852}.Debug|Any CPU.ActiveCfg = Debug|Any CPU
		{CD96580C-FFCB-48D1-AD94-516CD769B852}.Debug|Any CPU.Build.0 = Debug|Any CPU
		{CD96580C-FFCB-48D1-AD94-516CD769B852}.Release|Any CPU.ActiveCfg = Release|Any CPU
		{CD96580C-FFCB-48D1-AD94-516CD769B852}.Release|Any CPU.Build.0 = Release|Any CPU
	EndGlobalSection
	GlobalSection(SolutionProperties) = preSolution
		HideSolutionNode = FALSE
	EndGlobalSection
	GlobalSection(ExtensibilityGlobals) = postSolution
		SolutionGuid = {E46D89A0-A4CB-40B7-A727-25C24A9FB257}
	EndGlobalSection
EndGlobal
